// !$*UTF8*$!
{
	archiveVersion = 1;
	classes = {
	};
	objectVersion = 46;
	objects = {

/* Begin PBXBuildFile section */
		C41857571ED2EADC00561956 /* main.m in Sources */ = {isa = PBXBuildFile; fileRef = C41857561ED2EADC00561956 /* main.m */; };
		C418575A1ED2EADC00561956 /* AppDelegate.m in Sources */ = {isa = PBXBuildFile; fileRef = C41857591ED2EADC00561956 /* AppDelegate.m */; };
		C418575D1ED2EADC00561956 /* ViewController.m in Sources */ = {isa = PBXBuildFile; fileRef = C418575C1ED2EADC00561956 /* ViewController.m */; };
		C41857601ED2EADC00561956 /* Main.storyboard in Resources */ = {isa = PBXBuildFile; fileRef = C418575E1ED2EADC00561956 /* Main.storyboard */; };
		C41857621ED2EADC00561956 /* Assets.xcassets in Resources */ = {isa = PBXBuildFile; fileRef = C41857611ED2EADC00561956 /* Assets.xcassets */; };
		C41857651ED2EADC00561956 /* LaunchScreen.storyboard in Resources */ = {isa = PBXBuildFile; fileRef = C41857631ED2EADC00561956 /* LaunchScreen.storyboard */; };
		C418576E1ED2EB2100561956 /* DemoView.m in Sources */ = {isa = PBXBuildFile; fileRef = C418576D1ED2EB2100561956 /* DemoView.m */; };
/* End PBXBuildFile section */

/* Begin PBXFileReference section */
		C41857521ED2EADC00561956 /* OpenGLES.app */ = {isa = PBXFileReference; explicitFileType = wrapper.application; includeInIndex = 0; path = OpenGLES.app; sourceTree = BUILT_PRODUCTS_DIR; };
		C41857561ED2EADC00561956 /* main.m */ = {isa = PBXFileReference; lastKnownFileType = sourcecode.c.objc; path = main.m; sourceTree = "<group>"; };
		C41857581ED2EADC00561956 /* AppDelegate.h */ = {isa = PBXFileReference; lastKnownFileType = sourcecode.c.h; path = AppDelegate.h; sourceTree = "<group>"; };
		C41857591ED2EADC00561956 /* AppDelegate.m */ = {isa = PBXFileReference; lastKnownFileType = sourcecode.c.objc; path = AppDelegate.m; sourceTree = "<group>"; };
		C418575B1ED2EADC00561956 /* ViewController.h */ = {isa = PBXFileReference; lastKnownFileType = sourcecode.c.h; path = ViewController.h; sourceTree = "<group>"; };
		C418575C1ED2EADC00561956 /* ViewController.m */ = {isa = PBXFileReference; lastKnownFileType = sourcecode.c.objc; path = ViewController.m; sourceTree = "<group>"; };
		C418575F1ED2EADC00561956 /* Base */ = {isa = PBXFileReference; lastKnownFileType = file.storyboard; name = Base; path = Base.lproj/Main.storyboard; sourceTree = "<group>"; };
		C41857611ED2EADC00561956 /* Assets.xcassets */ = {isa = PBXFileReference; lastKnownFileType = folder.assetcatalog; path = Assets.xcassets; sourceTree = "<group>"; };
		C41857641ED2EADC00561956 /* Base */ = {isa = PBXFileReference; lastKnownFileType = file.storyboard; name = Base; path = Base.lproj/LaunchScreen.storyboard; sourceTree = "<group>"; };
		C41857661ED2EADC00561956 /* Info.plist */ = {isa = PBXFileReference; lastKnownFileType = text.plist.xml; path = Info.plist; sourceTree = "<group>"; };
		C418576C1ED2EB2100561956 /* DemoView.h */ = {isa = PBXFileReference; fileEncoding = 4; lastKnownFileType = sourcecode.c.h; path = DemoView.h; sourceTree = "<group>"; };
		C418576D1ED2EB2100561956 /* DemoView.m */ = {isa = PBXFileReference; fileEncoding = 4; lastKnownFileType = sourcecode.c.objc; path = DemoView.m; sourceTree = "<group>"; };
/* End PBXFileReference section */

/* Begin PBXFrameworksBuildPhase section */
		C418574F1ED2EADC00561956 /* Frameworks */ = {
			isa = PBXFrameworksBuildPhase;
			buildActionMask = 2147483647;
			files = (
			);
			runOnlyForDeploymentPostprocessing = 0;
		};
/* End PBXFrameworksBuildPhase section */

/* Begin PBXGroup section */
		C41857491ED2EADC00561956 = {
			isa = PBXGroup;
			children = (
				C41857541ED2EADC00561956 /* OpenGLES */,
				C41857531ED2EADC00561956 /* Products */,
			);
			sourceTree = "<group>";
		};
		C41857531ED2EADC00561956 /* Products */ = {
			isa = PBXGroup;
			children = (
				C41857521ED2EADC00561956 /* OpenGLES.app */,
			);
			name = Products;
			sourceTree = "<group>";
		};
		C41857541ED2EADC00561956 /* OpenGLES */ = {
			isa = PBXGroup;
			children = (
				C41857581ED2EADC00561956 /* AppDelegate.h */,
				C41857591ED2EADC00561956 /* AppDelegate.m */,
				C418575B1ED2EADC00561956 /* ViewController.h */,
				C418575C1ED2EADC00561956 /* ViewController.m */,
				C418576C1ED2EB2100561956 /* DemoView.h */,
				C418576D1ED2EB2100561956 /* DemoView.m */,
				C418575E1ED2EADC00561956 /* Main.storyboard */,
				C41857611ED2EADC00561956 /* Assets.xcassets */,
				C41857631ED2EADC00561956 /* LaunchScreen.storyboard */,
				C41857661ED2EADC00561956 /* Info.plist */,
				C41857551ED2EADC00561956 /* Supporting Files */,
			);
			path = OpenGLES;
			sourceTree = "<group>";
		};
		C41857551ED2EADC00561956 /* Supporting Files */ = {
			isa = PBXGroup;
			children = (
				C41857561ED2EADC00561956 /* main.m */,
			);
			name = "Supporting Files";
			sourceTree = "<group>";
		};
/* End PBXGroup section */

/* Begin PBXNativeTarget section */
		C41857511ED2EADC00561956 /* OpenGLES */ = {
			isa = PBXNativeTarget;
			buildConfigurationList = C41857691ED2EADC00561956 /* Build configuration list for PBXNativeTarget "OpenGLES" */;
			buildPhases = (
				C418574E1ED2EADC00561956 /* Sources */,
				C418574F1ED2EADC00561956 /* Frameworks */,
				C41857501ED2EADC00561956 /* Resources */,
			);
			buildRules = (
			);
			dependencies = (
			);
			name = OpenGLES;
			productName = OpenGLES;
			productReference = C41857521ED2EADC00561956 /* OpenGLES.app */;
			productType = "com.apple.product-type.application";
		};
/* End PBXNativeTarget section */

/* Begin PBXProject section */
		C418574A1ED2EADC00561956 /* Project object */ = {
			isa = PBXProject;
			attributes = {
				LastUpgradeCheck = 0830;
				ORGANIZATIONNAME = Mistletoe;
				TargetAttributes = {
					C41857511ED2EADC00561956 = {
						CreatedOnToolsVersion = 8.3.2;
						ProvisioningStyle = Automatic;
					};
				};
			};
			buildConfigurationList = C418574D1ED2EADC00561956 /* Build configuration list for PBXProject "OpenGLES" */;
			compatibilityVersion = "Xcode 3.2";
			developmentRegion = English;
			hasScannedForEncodings = 0;
			knownRegions = (
				en,
				Base,
			);
			mainGroup = C41857491ED2EADC00561956;
			productRefGroup = C41857531ED2EADC00561956 /* Products */;
			projectDirPath = "";
			projectRoot = "";
			targets = (
				C41857511ED2EADC00561956 /* OpenGLES */,
			);
		};
/* End PBXProject section */

/* Begin PBXResourcesBuildPhase section */
		C41857501ED2EADC00561956 /* Resources */ = {
			isa = PBXResourcesBuildPhase;
			buildActionMask = 2147483647;
			files = (
				C41857651ED2EADC00561956 /* LaunchScreen.storyboard in Resources */,
				C41857621ED2EADC00561956 /* Assets.xcassets in Resources */,
				C41857601ED2EADC00561956 /* Main.storyboard in Resources */,
			);
			runOnlyForDeploymentPostprocessing = 0;
		};
/* End PBXResourcesBuildPhase section */

/* Begin PBXSourcesBuildPhase section */
		C418574E1ED2EADC00561956 /* Sources */ = {
			isa = PBXSourcesBuildPhase;
			buildActionMask = 2147483647;
			files = (
				C418575D1ED2EADC00561956 /* ViewController.m in Sources */,
				C418576E1ED2EB2100561956 /* DemoView.m in Sources */,
				C418575A1ED2EADC00561956 /* AppDelegate.m in Sources */,
				C41857571ED2EADC00561956 /* main.m in Sources */,
			);
			runOnlyForDeploymentPostprocessing = 0;
		};
/* End PBXSourcesBuildPhase section */

/* Begin PBXVariantGroup section */
		C418575E1ED2EADC00561956 /* Main.storyboard */ = {
			isa = PBXVariantGroup;
			children = (
				C418575F1ED2EADC00561956 /* Base */,
			);
			name = Main.storyboard;
			sourceTree = "<group>";
		};
		C41857631ED2EADC00561956 /* LaunchScreen.storyboard */ = {
			isa = PBXVariantGroup;
			children = (
				C41857641ED2EADC00561956 /* Base */,
			);
			name = LaunchScreen.storyboard;
			sourceTree = "<group>";
		};
/* End PBXVariantGroup section */

/* Begin XCBuildConfiguration section */
		C41857671ED2EADC00561956 /* Debug */ = {
			isa = XCBuildConfiguration;
			buildSettings = {
				ALWAYS_SEARCH_USER_PATHS = NO;
				CLANG_ANALYZER_NONNULL = YES;
				CLANG_ANALYZER_NUMBER_OBJECT_CONVERSION = YES_AGGRESSIVE;
				CLANG_CXX_LANGUAGE_STANDARD = "gnu++0x";
				CLANG_CXX_LIBRARY = "libc++";
				CLANG_ENABLE_MODULES = YES;
				CLANG_ENABLE_OBJC_ARC = YES;
				CLANG_WARN_BOOL_CONVERSION = YES;
				CLANG_WARN_CONSTANT_CONVERSION = YES;
				CLANG_WARN_DIRECT_OBJC_ISA_USAGE = YES_ERROR;
				CLANG_WARN_DOCUMENTATION_COMMENTS = YES;
				CLANG_WARN_EMPTY_BODY = YES;
				CLANG_WARN_ENUM_CONVERSION = YES;
				CLANG_WARN_INFINITE_RECURSION = YES;
				CLANG_WARN_INT_CONVERSION = YES;
				CLANG_WARN_OBJC_ROOT_CLASS = YES_ERROR;
				CLANG_WARN_SUSPICIOUS_MOVE = YES;
				CLANG_WARN_UNREACHABLE_CODE = YES;
				CLANG_WARN__DUPLICATE_METHOD_MATCH = YES;
				"CODE_SIGN_IDENTITY[sdk=iphoneos*]" = "iPhone Developer";
				COPY_PHASE_STRIP = NO;
				DEBUG_INFORMATION_FORMAT = dwarf;
				ENABLE_STRICT_OBJC_MSGSEND = YES;
				ENABLE_TESTABILITY = YES;
				GCC_C_LANGUAGE_STANDARD = gnu99;
				GCC_DYNAMIC_NO_PIC = NO;
				GCC_NO_COMMON_BLOCKS = YES;
				GCC_OPTIMIZATION_LEVEL = 0;
				GCC_PREPROCESSOR_DEFINITIONS = (
					"DEBUG=1",
					"$(inherited)",
				);
				GCC_WARN_64_TO_32_BIT_CONVERSION = YES;
				GCC_WARN_ABOUT_RETURN_TYPE = YES_ERROR;
				GCC_WARN_UNDECLARED_SELECTOR = YES;
				GCC_WARN_UNINITIALIZED_AUTOS = YES_AGGRESSIVE;
				GCC_WARN_UNUSED_FUNCTION = YES;
				GCC_WARN_UNUSED_VARIABLE = YES;
				IPHONEOS_DEPLOYMENT_TARGET = 10.3;
				MTL_ENABLE_DEBUG_INFO = YES;
				ONLY_ACTIVE_ARCH = YES;
				SDKROOT = iphoneos;
				TARGETED_DEVICE_FAMILY = "1,2";
			};
			name = Debug;
		};
		C41857681ED2EADC00561956 /* Release */ = {
			isa = XCBuildConfiguration;
			buildSettings = {
				ALWAYS_SEARCH_USER_PATHS = NO;
				CLANG_ANALYZER_NONNULL = YES;
				CLANG_ANALYZER_NUMBER_OBJECT_CONVERSION = YES_AGGRESSIVE;
				CLANG_CXX_LANGUAGE_STANDARD = "gnu++0x";
				CLANG_CXX_LIBRARY = "libc++";
				CLANG_ENABLE_MODULES = YES;
				CLANG_ENABLE_OBJC_ARC = YES;
				CLANG_WARN_BOOL_CONVERSION = YES;
				CLANG_WARN_CONSTANT_CONVERSION = YES;
				CLANG_WARN_DIRECT_OBJC_ISA_USAGE = YES_ERROR;
				CLANG_WARN_DOCUMENTATION_COMMENTS = YES;
				CLANG_WARN_EMPTY_BODY = YES;
				CLANG_WARN_ENUM_CONVERSION = YES;
				CLANG_WARN_INFINITE_RECURSION = YES;
				CLANG_WARN_INT_CONVERSION = YES;
				CLANG_WARN_OBJC_ROOT_CLASS = YES_ERROR;
				CLANG_WARN_SUSPICIOUS_MOVE = YES;
				CLANG_WARN_UNREACHABLE_CODE = YES;
				CLANG_WARN__DUPLICATE_METHOD_MATCH = YES;
				"CODE_SIGN_IDENTITY[sdk=iphoneos*]" = "iPhone Developer";
				COPY_PHASE_STRIP = NO;
				DEBUG_INFORMATION_FORMAT = "dwarf-with-dsym";
				ENABLE_NS_ASSERTIONS = NO;
				ENABLE_STRICT_OBJC_MSGSEND = YES;
				GCC_C_LANGUAGE_STANDARD = gnu99;
				GCC_NO_COMMON_BLOCKS = YES;
				GCC_WARN_64_TO_32_BIT_CONVERSION = YES;
				GCC_WARN_ABOUT_RETURN_TYPE = YES_ERROR;
				GCC_WARN_UNDECLARED_SELECTOR = YES;
				GCC_WARN_UNINITIALIZED_AUTOS = YES_AGGRESSIVE;
				GCC_WARN_UNUSED_FUNCTION = YES;
				GCC_WARN_UNUSED_VARIABLE = YES;
				IPHONEOS_DEPLOYMENT_TARGET = 10.3;
				MTL_ENABLE_DEBUG_INFO = NO;
				SDKROOT = iphoneos;
				TARGETED_DEVICE_FAMILY = "1,2";
				VALIDATE_PRODUCT = YES;
			};
			name = Release;
		};
		C418576A1ED2EADC00561956 /* Debug */ = {
			isa = XCBuildConfiguration;
			buildSettings = {
				ASSETCATALOG_COMPILER_APPICON_NAME = AppIcon;
				INFOPLIST_FILE = OpenGLES/Info.plist;
				LD_RUNPATH_SEARCH_PATHS = "$(inherited) @executable_path/Frameworks";
				PRODUCT_BUNDLE_IDENTIFIER = chengpeng.OpenGLES;
				PRODUCT_NAME = "$(TARGET_NAME)";
			};
			name = Debug;
		};
		C418576B1ED2EADC00561956 /* Release */ = {
			isa = XCBuildConfiguration;
			buildSettings = {
				ASSETCATALOG_COMPILER_APPICON_NAME = AppIcon;
				INFOPLIST_FILE = OpenGLES/Info.plist;
				LD_RUNPATH_SEARCH_PATHS = "$(inherited) @executable_path/Frameworks";
				PRODUCT_BUNDLE_IDENTIFIER = chengpeng.OpenGLES;
				PRODUCT_NAME = "$(TARGET_NAME)";
			};
			name = Release;
		};
/* End XCBuildConfiguration section */

/* Begin XCConfigurationList section */
		C418574D1ED2EADC00561956 /* Build configuration list for PBXProject "OpenGLES" */ = {
			isa = XCConfigurationList;
			buildConfigurations = (
				C41857671ED2EADC00561956 /* Debug */,
				C41857681ED2EADC00561956 /* Release */,
			);
			defaultConfigurationIsVisible = 0;
			defaultConfigurationName = Release;
		};
		C41857691ED2EADC00561956 /* Build configuration list for PBXNativeTarget "OpenGLES" */ = {
			isa = XCConfigurationList;
			buildConfigurations = (
				C418576A1ED2EADC00561956 /* Debug */,
				C418576B1ED2EADC00561956 /* Release */,
			);
			defaultConfigurationIsVisible = 0;
		};
/* End XCConfigurationList section */
	};
	rootObject = C418574A1ED2EADC00561956 /* Project object */;
}
